
Microsoft Visual Studio Solution File, Format Version 12.00
# Visual Studio Version 16
VisualStudioVersion = 16.0.29806.167
MinimumVisualStudioVersion = 10.0.40219.1
Project("{FAE04EC0-301F-11D3-BF4B-00C04F79EFBC}") = "ORKK", "ORKK\ORKK.csproj", "{F628B44F-24E7-42C4-94A9-89AA41B727D6}"
EndProject
Global
	GlobalSection(SolutionConfigurationPlatforms) = preSolution
		Debug|Any CPU = Debug|Any CPU
		Release|Any CPU = Release|Any CPU
	EndGlobalSection
	GlobalSection(ProjectConfigurationPlatforms) = postSolution
		{F628B44F-24E7-42C4-94A9-89AA41B727D6}.Debug|Any CPU.ActiveCfg = Debug|Any CPU
		{F628B44F-24E7-42C4-94A9-89AA41B727D6}.Debug|Any CPU.Build.0 = Debug|Any CPU
		{F628B44F-24E7-42C4-94A9-89AA41B727D6}.Release|Any CPU.ActiveCfg = Release|Any CPU
		{F628B44F-24E7-42C4-94A9-89AA41B727D6}.Release|Any CPU.Build.0 = Release|Any CPU
	EndGlobalSection
	GlobalSection(SolutionProperties) = preSolution
		HideSolutionNode = FALSE
	EndGlobalSection
	GlobalSection(ExtensibilityGlobals) = postSolution
		SolutionGuid = {D9BB3B5E-68E0-40EC-8201-DBE031206BBB}
	EndGlobalSection
EndGlobal
